
Microsoft Visual Studio Solution File, Format Version 12.00
# Visual Studio 15
VisualStudioVersion = 15.0.28010.2048
MinimumVisualStudioVersion = 10.0.40219.1
Project("{FAE04EC0-301F-11D3-BF4B-00C04F79EFBC}") = "ContextMenuDemo", "ContextMenuDemo\ContextMenuDemo.csproj", "{089A661B-6BE3-4CF0-8639-9549B7C29380}"
EndProject
Project("{FAE04EC0-301F-11D3-BF4B-00C04F79EFBC}") = "ToolbarDemo", "ToolbarDemo\ToolbarDemo.csproj", "{1F74621D-1287-4BF4-A731-27EA06107E6D}"
EndProject
Project("{FAE04EC0-301F-11D3-BF4B-00C04F79EFBC}") = "StatusBarDemo", "StatusBarDemo\StatusBarDemo.csproj", "{4D5C9B1A-6FD8-4B9F-9243-B63BBAB08DBF}"
EndProject
Global
	GlobalSection(SolutionConfigurationPlatforms) = preSolution
		Debug|Any CPU = Debug|Any CPU
		Release|Any CPU = Release|Any CPU
	EndGlobalSection
	GlobalSection(ProjectConfigurationPlatforms) = postSolution
		{089A661B-6BE3-4CF0-8639-9549B7C29380}.Debug|Any CPU.ActiveCfg = Debug|Any CPU
		{089A661B-6BE3-4CF0-8639-9549B7C29380}.Debug|Any CPU.Build.0 = Debug|Any CPU
		{089A661B-6BE3-4CF0-8639-9549B7C29380}.Release|Any CPU.ActiveCfg = Release|Any CPU
		{089A661B-6BE3-4CF0-8639-9549B7C29380}.Release|Any CPU.Build.0 = Release|Any CPU
		{1F74621D-1287-4BF4-A731-27EA06107E6D}.Debug|Any CPU.ActiveCfg = Debug|Any CPU
		{1F74621D-1287-4BF4-A731-27EA06107E6D}.Debug|Any CPU.Build.0 = Debug|Any CPU
		{1F74621D-1287-4BF4-A731-27EA06107E6D}.Release|Any CPU.ActiveCfg = Release|Any CPU
		{1F74621D-1287-4BF4-A731-27EA06107E6D}.Release|Any CPU.Build.0 = Release|Any CPU
		{4D5C9B1A-6FD8-4B9F-9243-B63BBAB08DBF}.Debug|Any CPU.ActiveCfg = Debug|Any CPU
		{4D5C9B1A-6FD8-4B9F-9243-B63BBAB08DBF}.Debug|Any CPU.Build.0 = Debug|Any CPU
		{4D5C9B1A-6FD8-4B9F-9243-B63BBAB08DBF}.Release|Any CPU.ActiveCfg = Release|Any CPU
		{4D5C9B1A-6FD8-4B9F-9243-B63BBAB08DBF}.Release|Any CPU.Build.0 = Release|Any CPU
	EndGlobalSection
	GlobalSection(SolutionProperties) = preSolution
		HideSolutionNode = FALSE
	EndGlobalSection
	GlobalSection(ExtensibilityGlobals) = postSolution
		SolutionGuid = {88D504BD-41B2-4701-9147-155CCC9FCEC5}
	EndGlobalSection
EndGlobal
