
Microsoft Visual Studio Solution File, Format Version 12.00
# Visual Studio 15
VisualStudioVersion = 15.0.28010.2046
MinimumVisualStudioVersion = 10.0.40219.1
Project("{FAE04EC0-301F-11D3-BF4B-00C04F79EFBC}") = "Test", "Test\Test.csproj", "{53D0DA02-C810-47DF-AC37-03C3C06ACEC4}"
EndProject
Project("{FAE04EC0-301F-11D3-BF4B-00C04F79EFBC}") = "Test2", "Test2\Test2.csproj", "{24450018-D2D0-4C1E-A845-9B5E1936A9CA}"
EndProject
Project("{FAE04EC0-301F-11D3-BF4B-00C04F79EFBC}") = "Test3", "Test3\Test3.csproj", "{632B9ABC-4858-464D-AA6C-1A2E4BFE730F}"
EndProject
Project("{FAE04EC0-301F-11D3-BF4B-00C04F79EFBC}") = "Test4", "Test4\Test4.csproj", "{9D216BE2-F754-49AB-A10C-D25B2853F1DF}"
EndProject
Project("{FAE04EC0-301F-11D3-BF4B-00C04F79EFBC}") = "Test5", "Test5\Test5.csproj", "{32880861-22DB-4D7C-BF3F-0F786B714B65}"
EndProject
Project("{FAE04EC0-301F-11D3-BF4B-00C04F79EFBC}") = "Test6", "Test6\Test6.csproj", "{2CE54408-4340-4DE3-96C2-A3C00153B5C3}"
EndProject
Project("{FAE04EC0-301F-11D3-BF4B-00C04F79EFBC}") = "Test7", "Test7\Test7.csproj", "{8696AF6F-1595-42EC-922F-2BDDE0273F8E}"
EndProject
Project("{FAE04EC0-301F-11D3-BF4B-00C04F79EFBC}") = "Test8", "Test8\Test8.csproj", "{1021B614-DC66-49B3-92D4-F1340301F1FD}"
EndProject
Project("{FAE04EC0-301F-11D3-BF4B-00C04F79EFBC}") = "Test9", "Test9\Test9.csproj", "{544F2FF4-5136-457B-BB6E-FF76337F6503}"
EndProject
Project("{FAE04EC0-301F-11D3-BF4B-00C04F79EFBC}") = "Test10", "Test10\Test10.csproj", "{730A03C0-9DA9-4576-A95C-0F5F15A93197}"
EndProject
Project("{FAE04EC0-301F-11D3-BF4B-00C04F79EFBC}") = "Test11", "Test11\Test11.csproj", "{446643E4-A610-4077-B4B0-11E9F01EEF43}"
EndProject
Project("{FAE04EC0-301F-11D3-BF4B-00C04F79EFBC}") = "Test12", "Test12\Test12.csproj", "{C6D8D3E7-4CA1-4D06-81D7-031A0F191800}"
EndProject
Project("{FAE04EC0-301F-11D3-BF4B-00C04F79EFBC}") = "Test13", "Test13\Test13.csproj", "{F8C2DAD4-F06E-4495-9782-A7D57690CE3F}"
EndProject
Project("{FAE04EC0-301F-11D3-BF4B-00C04F79EFBC}") = "Test14", "Test14\Test14.csproj", "{69D95085-DCB5-4163-8632-D297D950686D}"
EndProject
Project("{FAE04EC0-301F-11D3-BF4B-00C04F79EFBC}") = "Test15", "Test15\Test15.csproj", "{43A0F607-B587-41DA-AF2B-DBF0A2C65390}"
EndProject
Project("{FAE04EC0-301F-11D3-BF4B-00C04F79EFBC}") = "Test16", "Test16\Test16.csproj", "{2049E676-D7CA-421B-B481-1E29FFBED03F}"
EndProject
Global
	GlobalSection(SolutionConfigurationPlatforms) = preSolution
		Debug|Any CPU = Debug|Any CPU
		Release|Any CPU = Release|Any CPU
	EndGlobalSection
	GlobalSection(ProjectConfigurationPlatforms) = postSolution
		{53D0DA02-C810-47DF-AC37-03C3C06ACEC4}.Debug|Any CPU.ActiveCfg = Debug|Any CPU
		{53D0DA02-C810-47DF-AC37-03C3C06ACEC4}.Debug|Any CPU.Build.0 = Debug|Any CPU
		{53D0DA02-C810-47DF-AC37-03C3C06ACEC4}.Release|Any CPU.ActiveCfg = Release|Any CPU
		{53D0DA02-C810-47DF-AC37-03C3C06ACEC4}.Release|Any CPU.Build.0 = Release|Any CPU
		{24450018-D2D0-4C1E-A845-9B5E1936A9CA}.Debug|Any CPU.ActiveCfg = Debug|Any CPU
		{24450018-D2D0-4C1E-A845-9B5E1936A9CA}.Debug|Any CPU.Build.0 = Debug|Any CPU
		{24450018-D2D0-4C1E-A845-9B5E1936A9CA}.Release|Any CPU.ActiveCfg = Release|Any CPU
		{24450018-D2D0-4C1E-A845-9B5E1936A9CA}.Release|Any CPU.Build.0 = Release|Any CPU
		{632B9ABC-4858-464D-AA6C-1A2E4BFE730F}.Debug|Any CPU.ActiveCfg = Debug|Any CPU
		{632B9ABC-4858-464D-AA6C-1A2E4BFE730F}.Debug|Any CPU.Build.0 = Debug|Any CPU
		{632B9ABC-4858-464D-AA6C-1A2E4BFE730F}.Release|Any CPU.ActiveCfg = Release|Any CPU
		{632B9ABC-4858-464D-AA6C-1A2E4BFE730F}.Release|Any CPU.Build.0 = Release|Any CPU
		{9D216BE2-F754-49AB-A10C-D25B2853F1DF}.Debug|Any CPU.ActiveCfg = Debug|Any CPU
		{9D216BE2-F754-49AB-A10C-D25B2853F1DF}.Debug|Any CPU.Build.0 = Debug|Any CPU
		{9D216BE2-F754-49AB-A10C-D25B2853F1DF}.Release|Any CPU.ActiveCfg = Release|Any CPU
		{9D216BE2-F754-49AB-A10C-D25B2853F1DF}.Release|Any CPU.Build.0 = Release|Any CPU
		{32880861-22DB-4D7C-BF3F-0F786B714B65}.Debug|Any CPU.ActiveCfg = Debug|Any CPU
		{32880861-22DB-4D7C-BF3F-0F786B714B65}.Debug|Any CPU.Build.0 = Debug|Any CPU
		{32880861-22DB-4D7C-BF3F-0F786B714B65}.Release|Any CPU.ActiveCfg = Release|Any CPU
		{32880861-22DB-4D7C-BF3F-0F786B714B65}.Release|Any CPU.Build.0 = Release|Any CPU
		{2CE54408-4340-4DE3-96C2-A3C00153B5C3}.Debug|Any CPU.ActiveCfg = Debug|Any CPU
		{2CE54408-4340-4DE3-96C2-A3C00153B5C3}.Debug|Any CPU.Build.0 = Debug|Any CPU
		{2CE54408-4340-4DE3-96C2-A3C00153B5C3}.Release|Any CPU.ActiveCfg = Release|Any CPU
		{2CE54408-4340-4DE3-96C2-A3C00153B5C3}.Release|Any CPU.Build.0 = Release|Any CPU
		{8696AF6F-1595-42EC-922F-2BDDE0273F8E}.Debug|Any CPU.ActiveCfg = Debug|Any CPU
		{8696AF6F-1595-42EC-922F-2BDDE0273F8E}.Debug|Any CPU.Build.0 = Debug|Any CPU
		{8696AF6F-1595-42EC-922F-2BDDE0273F8E}.Release|Any CPU.ActiveCfg = Release|Any CPU
		{8696AF6F-1595-42EC-922F-2BDDE0273F8E}.Release|Any CPU.Build.0 = Release|Any CPU
		{1021B614-DC66-49B3-92D4-F1340301F1FD}.Debug|Any CPU.ActiveCfg = Debug|Any CPU
		{1021B614-DC66-49B3-92D4-F1340301F1FD}.Debug|Any CPU.Build.0 = Debug|Any CPU
		{1021B614-DC66-49B3-92D4-F1340301F1FD}.Release|Any CPU.ActiveCfg = Release|Any CPU
		{1021B614-DC66-49B3-92D4-F1340301F1FD}.Release|Any CPU.Build.0 = Release|Any CPU
		{544F2FF4-5136-457B-BB6E-FF76337F6503}.Debug|Any CPU.ActiveCfg = Debug|Any CPU
		{544F2FF4-5136-457B-BB6E-FF76337F6503}.Debug|Any CPU.Build.0 = Debug|Any CPU
		{544F2FF4-5136-457B-BB6E-FF76337F6503}.Release|Any CPU.ActiveCfg = Release|Any CPU
		{544F2FF4-5136-457B-BB6E-FF76337F6503}.Release|Any CPU.Build.0 = Release|Any CPU
		{730A03C0-9DA9-4576-A95C-0F5F15A93197}.Debug|Any CPU.ActiveCfg = Debug|Any CPU
		{730A03C0-9DA9-4576-A95C-0F5F15A93197}.Debug|Any CPU.Build.0 = Debug|Any CPU
		{730A03C0-9DA9-4576-A95C-0F5F15A93197}.Release|Any CPU.ActiveCfg = Release|Any CPU
		{730A03C0-9DA9-4576-A95C-0F5F15A93197}.Release|Any CPU.Build.0 = Release|Any CPU
		{446643E4-A610-4077-B4B0-11E9F01EEF43}.Debug|Any CPU.ActiveCfg = Debug|Any CPU
		{446643E4-A610-4077-B4B0-11E9F01EEF43}.Debug|Any CPU.Build.0 = Debug|Any CPU
		{446643E4-A610-4077-B4B0-11E9F01EEF43}.Release|Any CPU.ActiveCfg = Release|Any CPU
		{446643E4-A610-4077-B4B0-11E9F01EEF43}.Release|Any CPU.Build.0 = Release|Any CPU
		{C6D8D3E7-4CA1-4D06-81D7-031A0F191800}.Debug|Any CPU.ActiveCfg = Debug|Any CPU
		{C6D8D3E7-4CA1-4D06-81D7-031A0F191800}.Debug|Any CPU.Build.0 = Debug|Any CPU
		{C6D8D3E7-4CA1-4D06-81D7-031A0F191800}.Release|Any CPU.ActiveCfg = Release|Any CPU
		{C6D8D3E7-4CA1-4D06-81D7-031A0F191800}.Release|Any CPU.Build.0 = Release|Any CPU
		{F8C2DAD4-F06E-4495-9782-A7D57690CE3F}.Debug|Any CPU.ActiveCfg = Debug|Any CPU
		{F8C2DAD4-F06E-4495-9782-A7D57690CE3F}.Debug|Any CPU.Build.0 = Debug|Any CPU
		{F8C2DAD4-F06E-4495-9782-A7D57690CE3F}.Release|Any CPU.ActiveCfg = Release|Any CPU
		{F8C2DAD4-F06E-4495-9782-A7D57690CE3F}.Release|Any CPU.Build.0 = Release|Any CPU
		{69D95085-DCB5-4163-8632-D297D950686D}.Debug|Any CPU.ActiveCfg = Debug|Any CPU
		{69D95085-DCB5-4163-8632-D297D950686D}.Debug|Any CPU.Build.0 = Debug|Any CPU
		{69D95085-DCB5-4163-8632-D297D950686D}.Release|Any CPU.ActiveCfg = Release|Any CPU
		{69D95085-DCB5-4163-8632-D297D950686D}.Release|Any CPU.Build.0 = Release|Any CPU
		{43A0F607-B587-41DA-AF2B-DBF0A2C65390}.Debug|Any CPU.ActiveCfg = Debug|Any CPU
		{43A0F607-B587-41DA-AF2B-DBF0A2C65390}.Debug|Any CPU.Build.0 = Debug|Any CPU
		{43A0F607-B587-41DA-AF2B-DBF0A2C65390}.Release|Any CPU.ActiveCfg = Release|Any CPU
		{43A0F607-B587-41DA-AF2B-DBF0A2C65390}.Release|Any CPU.Build.0 = Release|Any CPU
		{2049E676-D7CA-421B-B481-1E29FFBED03F}.Debug|Any CPU.ActiveCfg = Debug|Any CPU
		{2049E676-D7CA-421B-B481-1E29FFBED03F}.Debug|Any CPU.Build.0 = Debug|Any CPU
		{2049E676-D7CA-421B-B481-1E29FFBED03F}.Release|Any CPU.ActiveCfg = Release|Any CPU
		{2049E676-D7CA-421B-B481-1E29FFBED03F}.Release|Any CPU.Build.0 = Release|Any CPU
	EndGlobalSection
	GlobalSection(SolutionProperties) = preSolution
		HideSolutionNode = FALSE
	EndGlobalSection
	GlobalSection(ExtensibilityGlobals) = postSolution
		SolutionGuid = {A69B734A-03D2-449C-B5DF-E85FA1C272AA}
	EndGlobalSection
EndGlobal
