
Microsoft Visual Studio Solution File, Format Version 12.00
# Visual Studio 15
VisualStudioVersion = 15.0.28010.2046
MinimumVisualStudioVersion = 10.0.40219.1
Project("{FAE04EC0-301F-11D3-BF4B-00C04F79EFBC}") = "Thread", "Thread\Thread.csproj", "{10185DA3-484E-4A95-8F4B-75295748B546}"
EndProject
Project("{FAE04EC0-301F-11D3-BF4B-00C04F79EFBC}") = "ThMethod", "ThMethod\ThMethod.csproj", "{5026B582-66B4-42B3-8622-3DD22CFAF47C}"
EndProject
Project("{FAE04EC0-301F-11D3-BF4B-00C04F79EFBC}") = "ThreadTest2", "ThreadTest2\ThreadTest2.csproj", "{7C4050C1-3B95-4F7E-914A-EF70D872C9C6}"
EndProject
Project("{FAE04EC0-301F-11D3-BF4B-00C04F79EFBC}") = "Interrupt", "Interrupt\Interrupt.csproj", "{64035FE5-DCFA-4F52-A352-032B7F0EC4A9}"
EndProject
Project("{FAE04EC0-301F-11D3-BF4B-00C04F79EFBC}") = "ResetEvent", "ResetEvent\ResetEvent.csproj", "{B32EDC4F-EDF4-4486-A2F4-70057CE30FBB}"
EndProject
Project("{FAE04EC0-301F-11D3-BF4B-00C04F79EFBC}") = "ThreadDele", "ThreadDele\ThreadDele.csproj", "{AB875BE7-8BA4-44CF-A047-A97FB7383F0E}"
EndProject
Project("{FAE04EC0-301F-11D3-BF4B-00C04F79EFBC}") = "ThreadDele2", "ThreadDele2\ThreadDele2.csproj", "{54F73C7C-2681-4B57-AD0F-2055AEF87CED}"
EndProject
Project("{FAE04EC0-301F-11D3-BF4B-00C04F79EFBC}") = "Lock", "Lcok\Lock.csproj", "{A7D27B0C-423E-4CB0-955A-E2A0838F0FB5}"
EndProject
Global
	GlobalSection(SolutionConfigurationPlatforms) = preSolution
		Debug|Any CPU = Debug|Any CPU
		Release|Any CPU = Release|Any CPU
	EndGlobalSection
	GlobalSection(ProjectConfigurationPlatforms) = postSolution
		{10185DA3-484E-4A95-8F4B-75295748B546}.Debug|Any CPU.ActiveCfg = Debug|Any CPU
		{10185DA3-484E-4A95-8F4B-75295748B546}.Debug|Any CPU.Build.0 = Debug|Any CPU
		{10185DA3-484E-4A95-8F4B-75295748B546}.Release|Any CPU.ActiveCfg = Release|Any CPU
		{10185DA3-484E-4A95-8F4B-75295748B546}.Release|Any CPU.Build.0 = Release|Any CPU
		{5026B582-66B4-42B3-8622-3DD22CFAF47C}.Debug|Any CPU.ActiveCfg = Debug|Any CPU
		{5026B582-66B4-42B3-8622-3DD22CFAF47C}.Debug|Any CPU.Build.0 = Debug|Any CPU
		{5026B582-66B4-42B3-8622-3DD22CFAF47C}.Release|Any CPU.ActiveCfg = Release|Any CPU
		{5026B582-66B4-42B3-8622-3DD22CFAF47C}.Release|Any CPU.Build.0 = Release|Any CPU
		{7C4050C1-3B95-4F7E-914A-EF70D872C9C6}.Debug|Any CPU.ActiveCfg = Debug|Any CPU
		{7C4050C1-3B95-4F7E-914A-EF70D872C9C6}.Debug|Any CPU.Build.0 = Debug|Any CPU
		{7C4050C1-3B95-4F7E-914A-EF70D872C9C6}.Release|Any CPU.ActiveCfg = Release|Any CPU
		{7C4050C1-3B95-4F7E-914A-EF70D872C9C6}.Release|Any CPU.Build.0 = Release|Any CPU
		{64035FE5-DCFA-4F52-A352-032B7F0EC4A9}.Debug|Any CPU.ActiveCfg = Debug|Any CPU
		{64035FE5-DCFA-4F52-A352-032B7F0EC4A9}.Debug|Any CPU.Build.0 = Debug|Any CPU
		{64035FE5-DCFA-4F52-A352-032B7F0EC4A9}.Release|Any CPU.ActiveCfg = Release|Any CPU
		{64035FE5-DCFA-4F52-A352-032B7F0EC4A9}.Release|Any CPU.Build.0 = Release|Any CPU
		{B32EDC4F-EDF4-4486-A2F4-70057CE30FBB}.Debug|Any CPU.ActiveCfg = Debug|Any CPU
		{B32EDC4F-EDF4-4486-A2F4-70057CE30FBB}.Debug|Any CPU.Build.0 = Debug|Any CPU
		{B32EDC4F-EDF4-4486-A2F4-70057CE30FBB}.Release|Any CPU.ActiveCfg = Release|Any CPU
		{B32EDC4F-EDF4-4486-A2F4-70057CE30FBB}.Release|Any CPU.Build.0 = Release|Any CPU
		{AB875BE7-8BA4-44CF-A047-A97FB7383F0E}.Debug|Any CPU.ActiveCfg = Debug|Any CPU
		{AB875BE7-8BA4-44CF-A047-A97FB7383F0E}.Debug|Any CPU.Build.0 = Debug|Any CPU
		{AB875BE7-8BA4-44CF-A047-A97FB7383F0E}.Release|Any CPU.ActiveCfg = Release|Any CPU
		{AB875BE7-8BA4-44CF-A047-A97FB7383F0E}.Release|Any CPU.Build.0 = Release|Any CPU
		{54F73C7C-2681-4B57-AD0F-2055AEF87CED}.Debug|Any CPU.ActiveCfg = Debug|Any CPU
		{54F73C7C-2681-4B57-AD0F-2055AEF87CED}.Debug|Any CPU.Build.0 = Debug|Any CPU
		{54F73C7C-2681-4B57-AD0F-2055AEF87CED}.Release|Any CPU.ActiveCfg = Release|Any CPU
		{54F73C7C-2681-4B57-AD0F-2055AEF87CED}.Release|Any CPU.Build.0 = Release|Any CPU
		{A7D27B0C-423E-4CB0-955A-E2A0838F0FB5}.Debug|Any CPU.ActiveCfg = Debug|Any CPU
		{A7D27B0C-423E-4CB0-955A-E2A0838F0FB5}.Debug|Any CPU.Build.0 = Debug|Any CPU
		{A7D27B0C-423E-4CB0-955A-E2A0838F0FB5}.Release|Any CPU.ActiveCfg = Release|Any CPU
		{A7D27B0C-423E-4CB0-955A-E2A0838F0FB5}.Release|Any CPU.Build.0 = Release|Any CPU
	EndGlobalSection
	GlobalSection(SolutionProperties) = preSolution
		HideSolutionNode = FALSE
	EndGlobalSection
	GlobalSection(ExtensibilityGlobals) = postSolution
		SolutionGuid = {90F8F849-E835-411F-9E03-A4271E90CCE5}
	EndGlobalSection
EndGlobal
