
Microsoft Visual Studio Solution File, Format Version 12.00
# Visual Studio 15
VisualStudioVersion = 15.0.28010.2048
MinimumVisualStudioVersion = 10.0.40219.1
Project("{FAE04EC0-301F-11D3-BF4B-00C04F79EFBC}") = "CompileXamlWindow", "CompileXamlWindow\CompileXamlWindow.csproj", "{BF27CB64-FCB5-49D1-8B54-A5C77EC51DFA}"
EndProject
Global
	GlobalSection(SolutionConfigurationPlatforms) = preSolution
		Debug|Any CPU = Debug|Any CPU
		Release|Any CPU = Release|Any CPU
	EndGlobalSection
	GlobalSection(ProjectConfigurationPlatforms) = postSolution
		{BF27CB64-FCB5-49D1-8B54-A5C77EC51DFA}.Debug|Any CPU.ActiveCfg = Debug|Any CPU
		{BF27CB64-FCB5-49D1-8B54-A5C77EC51DFA}.Debug|Any CPU.Build.0 = Debug|Any CPU
		{BF27CB64-FCB5-49D1-8B54-A5C77EC51DFA}.Release|Any CPU.ActiveCfg = Release|Any CPU
		{BF27CB64-FCB5-49D1-8B54-A5C77EC51DFA}.Release|Any CPU.Build.0 = Release|Any CPU
	EndGlobalSection
	GlobalSection(SolutionProperties) = preSolution
		HideSolutionNode = FALSE
	EndGlobalSection
	GlobalSection(ExtensibilityGlobals) = postSolution
		SolutionGuid = {6322297B-BC53-4E2F-A23E-0C067A31CC3F}
	EndGlobalSection
EndGlobal
