
Microsoft Visual Studio Solution File, Format Version 12.00
# Visual Studio 15
VisualStudioVersion = 15.0.28010.2046
MinimumVisualStudioVersion = 10.0.40219.1
Project("{FAE04EC0-301F-11D3-BF4B-00C04F79EFBC}") = "Task1", "Task1\Task1.csproj", "{85B99C90-98F5-4D61-B92F-D9BBC26A0B32}"
EndProject
Project("{FAE04EC0-301F-11D3-BF4B-00C04F79EFBC}") = "Task2", "Task2\Task2.csproj", "{701C86C8-7D87-42F3-9BEA-C4B8173F48E1}"
EndProject
Project("{FAE04EC0-301F-11D3-BF4B-00C04F79EFBC}") = "Task3", "Task3\Task3.csproj", "{877240A7-440B-4DE9-95D7-978C6DC9B55D}"
EndProject
Project("{FAE04EC0-301F-11D3-BF4B-00C04F79EFBC}") = "Task4", "Task4\Task4.csproj", "{566162F1-E58B-4289-B142-95DC83A4D9D5}"
EndProject
Project("{FAE04EC0-301F-11D3-BF4B-00C04F79EFBC}") = "Task5", "Task5\Task5.csproj", "{A4032DED-EE60-495F-9EAB-03DAA32704AB}"
EndProject
Project("{FAE04EC0-301F-11D3-BF4B-00C04F79EFBC}") = "Task6", "Task6\Task6.csproj", "{36C1CBD3-6F26-4BB2-812E-CC8BB97296B0}"
EndProject
Project("{FAE04EC0-301F-11D3-BF4B-00C04F79EFBC}") = "Task7", "Task7\Task7.csproj", "{EF8A8579-6F77-4C86-A373-476E14BF9FE7}"
EndProject
Global
	GlobalSection(SolutionConfigurationPlatforms) = preSolution
		Debug|Any CPU = Debug|Any CPU
		Release|Any CPU = Release|Any CPU
	EndGlobalSection
	GlobalSection(ProjectConfigurationPlatforms) = postSolution
		{85B99C90-98F5-4D61-B92F-D9BBC26A0B32}.Debug|Any CPU.ActiveCfg = Debug|Any CPU
		{85B99C90-98F5-4D61-B92F-D9BBC26A0B32}.Debug|Any CPU.Build.0 = Debug|Any CPU
		{85B99C90-98F5-4D61-B92F-D9BBC26A0B32}.Release|Any CPU.ActiveCfg = Release|Any CPU
		{85B99C90-98F5-4D61-B92F-D9BBC26A0B32}.Release|Any CPU.Build.0 = Release|Any CPU
		{701C86C8-7D87-42F3-9BEA-C4B8173F48E1}.Debug|Any CPU.ActiveCfg = Debug|Any CPU
		{701C86C8-7D87-42F3-9BEA-C4B8173F48E1}.Debug|Any CPU.Build.0 = Debug|Any CPU
		{701C86C8-7D87-42F3-9BEA-C4B8173F48E1}.Release|Any CPU.ActiveCfg = Release|Any CPU
		{701C86C8-7D87-42F3-9BEA-C4B8173F48E1}.Release|Any CPU.Build.0 = Release|Any CPU
		{877240A7-440B-4DE9-95D7-978C6DC9B55D}.Debug|Any CPU.ActiveCfg = Debug|Any CPU
		{877240A7-440B-4DE9-95D7-978C6DC9B55D}.Debug|Any CPU.Build.0 = Debug|Any CPU
		{877240A7-440B-4DE9-95D7-978C6DC9B55D}.Release|Any CPU.ActiveCfg = Release|Any CPU
		{877240A7-440B-4DE9-95D7-978C6DC9B55D}.Release|Any CPU.Build.0 = Release|Any CPU
		{566162F1-E58B-4289-B142-95DC83A4D9D5}.Debug|Any CPU.ActiveCfg = Debug|Any CPU
		{566162F1-E58B-4289-B142-95DC83A4D9D5}.Debug|Any CPU.Build.0 = Debug|Any CPU
		{566162F1-E58B-4289-B142-95DC83A4D9D5}.Release|Any CPU.ActiveCfg = Release|Any CPU
		{566162F1-E58B-4289-B142-95DC83A4D9D5}.Release|Any CPU.Build.0 = Release|Any CPU
		{A4032DED-EE60-495F-9EAB-03DAA32704AB}.Debug|Any CPU.ActiveCfg = Debug|Any CPU
		{A4032DED-EE60-495F-9EAB-03DAA32704AB}.Debug|Any CPU.Build.0 = Debug|Any CPU
		{A4032DED-EE60-495F-9EAB-03DAA32704AB}.Release|Any CPU.ActiveCfg = Release|Any CPU
		{A4032DED-EE60-495F-9EAB-03DAA32704AB}.Release|Any CPU.Build.0 = Release|Any CPU
		{36C1CBD3-6F26-4BB2-812E-CC8BB97296B0}.Debug|Any CPU.ActiveCfg = Debug|Any CPU
		{36C1CBD3-6F26-4BB2-812E-CC8BB97296B0}.Debug|Any CPU.Build.0 = Debug|Any CPU
		{36C1CBD3-6F26-4BB2-812E-CC8BB97296B0}.Release|Any CPU.ActiveCfg = Release|Any CPU
		{36C1CBD3-6F26-4BB2-812E-CC8BB97296B0}.Release|Any CPU.Build.0 = Release|Any CPU
		{EF8A8579-6F77-4C86-A373-476E14BF9FE7}.Debug|Any CPU.ActiveCfg = Debug|Any CPU
		{EF8A8579-6F77-4C86-A373-476E14BF9FE7}.Debug|Any CPU.Build.0 = Debug|Any CPU
		{EF8A8579-6F77-4C86-A373-476E14BF9FE7}.Release|Any CPU.ActiveCfg = Release|Any CPU
		{EF8A8579-6F77-4C86-A373-476E14BF9FE7}.Release|Any CPU.Build.0 = Release|Any CPU
	EndGlobalSection
	GlobalSection(SolutionProperties) = preSolution
		HideSolutionNode = FALSE
	EndGlobalSection
	GlobalSection(ExtensibilityGlobals) = postSolution
		SolutionGuid = {D3400E89-C735-4146-B065-704673146A59}
	EndGlobalSection
EndGlobal
