
Microsoft Visual Studio Solution File, Format Version 12.00
# Visual Studio 15
VisualStudioVersion = 15.0.28010.2046
MinimumVisualStudioVersion = 10.0.40219.1
Project("{FAE04EC0-301F-11D3-BF4B-00C04F79EFBC}") = "WindowsFormsApp2", "WindowsFormsApp2\WindowsFormsApp2.csproj", "{3FAB4C11-B9D4-42BF-AD7C-68D3DED28B5D}"
EndProject
Global
	GlobalSection(SolutionConfigurationPlatforms) = preSolution
		Debug|Any CPU = Debug|Any CPU
		Release|Any CPU = Release|Any CPU
	EndGlobalSection
	GlobalSection(ProjectConfigurationPlatforms) = postSolution
		{3FAB4C11-B9D4-42BF-AD7C-68D3DED28B5D}.Debug|Any CPU.ActiveCfg = Debug|Any CPU
		{3FAB4C11-B9D4-42BF-AD7C-68D3DED28B5D}.Debug|Any CPU.Build.0 = Debug|Any CPU
		{3FAB4C11-B9D4-42BF-AD7C-68D3DED28B5D}.Release|Any CPU.ActiveCfg = Release|Any CPU
		{3FAB4C11-B9D4-42BF-AD7C-68D3DED28B5D}.Release|Any CPU.Build.0 = Release|Any CPU
	EndGlobalSection
	GlobalSection(SolutionProperties) = preSolution
		HideSolutionNode = FALSE
	EndGlobalSection
	GlobalSection(ExtensibilityGlobals) = postSolution
		SolutionGuid = {7CF3CBF1-A91F-4C89-AA20-4800C8461013}
	EndGlobalSection
EndGlobal
