
Microsoft Visual Studio Solution File, Format Version 12.00
# Visual Studio 15
VisualStudioVersion = 15.0.28010.2048
MinimumVisualStudioVersion = 10.0.40219.1
Project("{FAE04EC0-301F-11D3-BF4B-00C04F79EFBC}") = "ColorTest", "ColorTest\ColorTest.csproj", "{1A7E39A9-EE7F-4906-8428-E65783A42270}"
EndProject
Project("{FAE04EC0-301F-11D3-BF4B-00C04F79EFBC}") = "GradientBrushTest", "GradientBrushTest\GradientBrushTest.csproj", "{AA78A33C-7185-422D-88CF-4D49473BA633}"
EndProject
Project("{FAE04EC0-301F-11D3-BF4B-00C04F79EFBC}") = "ContentTest", "ContentTest\ContentTest.csproj", "{CA3010C6-B8E0-49CC-A7C4-5F0476116EDC}"
EndProject
Project("{FAE04EC0-301F-11D3-BF4B-00C04F79EFBC}") = "ButtonTest1", "ButtonTest1\ButtonTest1.csproj", "{DCA4F5BE-4F5A-4883-ADE2-5798D24ECCC3}"
EndProject
Project("{FAE04EC0-301F-11D3-BF4B-00C04F79EFBC}") = "ButtonTest2", "ButtonTest2\ButtonTest2.csproj", "{94D8C831-1000-44FF-8609-0E6F623F3872}"
EndProject
Project("{FAE04EC0-301F-11D3-BF4B-00C04F79EFBC}") = "PanelTest1", "PanelTest1\PanelTest1.csproj", "{833E6C8B-D4C9-4922-9ACA-B8B19131FE3A}"
EndProject
Project("{FAE04EC0-301F-11D3-BF4B-00C04F79EFBC}") = "DockPanelTest", "DockPanelTest\DockPanelTest.csproj", "{2A0D958F-9776-4177-8980-203F5450DA61}"
EndProject
Project("{FAE04EC0-301F-11D3-BF4B-00C04F79EFBC}") = "CanvasTest", "CanvasTest\CanvasTest.csproj", "{C04DD2D1-F963-470B-A5BB-F9AEEC428AE3}"
EndProject
Project("{FAE04EC0-301F-11D3-BF4B-00C04F79EFBC}") = "OneWayTest", "OneWayTest\OneWayTest.csproj", "{36873EB6-199E-4C5D-A713-C2268128DBEF}"
EndProject
Project("{FAE04EC0-301F-11D3-BF4B-00C04F79EFBC}") = "BindingLabelToScroll2", "BindingLabelToScroll2\BindingLabelToScroll2.csproj", "{3AA43C41-D6FA-4344-8338-9B00CA3B7253}"
EndProject
Project("{FAE04EC0-301F-11D3-BF4B-00C04F79EFBC}") = "BindingScrollbarToLabel", "BindingScrollbarToLabel\BindingScrollbarToLabel.csproj", "{4F7E9A5A-FCCC-43CE-A8E4-E24827438B5B}"
EndProject
Project("{FAE04EC0-301F-11D3-BF4B-00C04F79EFBC}") = "BindingTriggerTest", "BindingTriggerTest\BindingTriggerTest.csproj", "{13CCC2DE-FA1A-4B9C-BF1D-D03AD7229133}"
EndProject
Project("{FAE04EC0-301F-11D3-BF4B-00C04F79EFBC}") = "BindingTwoControll", "BindingTwoControll\BindingTwoControll.csproj", "{9F076F24-627E-4535-86EA-69B2EA8A227D}"
EndProject
Project("{FAE04EC0-301F-11D3-BF4B-00C04F79EFBC}") = "Emp", "Emp\Emp.csproj", "{60BEC233-A828-4D3A-809C-EF9C3698EC56}"
EndProject
Project("{FAE04EC0-301F-11D3-BF4B-00C04F79EFBC}") = "DateTest", "DateTest\DateTest.csproj", "{0EE11A95-9550-406F-B17F-F0CAE7972F01}"
EndProject
Project("{FAE04EC0-301F-11D3-BF4B-00C04F79EFBC}") = "DigitalClock", "DigitalClock\DigitalClock.csproj", "{580F957E-6A24-47A3-B676-F60278133054}"
EndProject
Project("{FAE04EC0-301F-11D3-BF4B-00C04F79EFBC}") = "WPFDataBinding", "WPFDataBinding\WPFDataBinding.csproj", "{0424068F-A824-4FDD-859C-6530A39F3C00}"
EndProject
Project("{FAE04EC0-301F-11D3-BF4B-00C04F79EFBC}") = "LoginWindow", "LoginWindow\LoginWindow.csproj", "{CC62B036-BA92-44D6-B645-4CD55B8847AA}"
EndProject
Global
	GlobalSection(SolutionConfigurationPlatforms) = preSolution
		Debug|Any CPU = Debug|Any CPU
		Release|Any CPU = Release|Any CPU
	EndGlobalSection
	GlobalSection(ProjectConfigurationPlatforms) = postSolution
		{1A7E39A9-EE7F-4906-8428-E65783A42270}.Debug|Any CPU.ActiveCfg = Debug|Any CPU
		{1A7E39A9-EE7F-4906-8428-E65783A42270}.Debug|Any CPU.Build.0 = Debug|Any CPU
		{1A7E39A9-EE7F-4906-8428-E65783A42270}.Release|Any CPU.ActiveCfg = Release|Any CPU
		{1A7E39A9-EE7F-4906-8428-E65783A42270}.Release|Any CPU.Build.0 = Release|Any CPU
		{AA78A33C-7185-422D-88CF-4D49473BA633}.Debug|Any CPU.ActiveCfg = Debug|Any CPU
		{AA78A33C-7185-422D-88CF-4D49473BA633}.Debug|Any CPU.Build.0 = Debug|Any CPU
		{AA78A33C-7185-422D-88CF-4D49473BA633}.Release|Any CPU.ActiveCfg = Release|Any CPU
		{AA78A33C-7185-422D-88CF-4D49473BA633}.Release|Any CPU.Build.0 = Release|Any CPU
		{CA3010C6-B8E0-49CC-A7C4-5F0476116EDC}.Debug|Any CPU.ActiveCfg = Debug|Any CPU
		{CA3010C6-B8E0-49CC-A7C4-5F0476116EDC}.Debug|Any CPU.Build.0 = Debug|Any CPU
		{CA3010C6-B8E0-49CC-A7C4-5F0476116EDC}.Release|Any CPU.ActiveCfg = Release|Any CPU
		{CA3010C6-B8E0-49CC-A7C4-5F0476116EDC}.Release|Any CPU.Build.0 = Release|Any CPU
		{DCA4F5BE-4F5A-4883-ADE2-5798D24ECCC3}.Debug|Any CPU.ActiveCfg = Debug|Any CPU
		{DCA4F5BE-4F5A-4883-ADE2-5798D24ECCC3}.Debug|Any CPU.Build.0 = Debug|Any CPU
		{DCA4F5BE-4F5A-4883-ADE2-5798D24ECCC3}.Release|Any CPU.ActiveCfg = Release|Any CPU
		{DCA4F5BE-4F5A-4883-ADE2-5798D24ECCC3}.Release|Any CPU.Build.0 = Release|Any CPU
		{94D8C831-1000-44FF-8609-0E6F623F3872}.Debug|Any CPU.ActiveCfg = Debug|Any CPU
		{94D8C831-1000-44FF-8609-0E6F623F3872}.Debug|Any CPU.Build.0 = Debug|Any CPU
		{94D8C831-1000-44FF-8609-0E6F623F3872}.Release|Any CPU.ActiveCfg = Release|Any CPU
		{94D8C831-1000-44FF-8609-0E6F623F3872}.Release|Any CPU.Build.0 = Release|Any CPU
		{833E6C8B-D4C9-4922-9ACA-B8B19131FE3A}.Debug|Any CPU.ActiveCfg = Debug|Any CPU
		{833E6C8B-D4C9-4922-9ACA-B8B19131FE3A}.Debug|Any CPU.Build.0 = Debug|Any CPU
		{833E6C8B-D4C9-4922-9ACA-B8B19131FE3A}.Release|Any CPU.ActiveCfg = Release|Any CPU
		{833E6C8B-D4C9-4922-9ACA-B8B19131FE3A}.Release|Any CPU.Build.0 = Release|Any CPU
		{2A0D958F-9776-4177-8980-203F5450DA61}.Debug|Any CPU.ActiveCfg = Debug|Any CPU
		{2A0D958F-9776-4177-8980-203F5450DA61}.Debug|Any CPU.Build.0 = Debug|Any CPU
		{2A0D958F-9776-4177-8980-203F5450DA61}.Release|Any CPU.ActiveCfg = Release|Any CPU
		{2A0D958F-9776-4177-8980-203F5450DA61}.Release|Any CPU.Build.0 = Release|Any CPU
		{C04DD2D1-F963-470B-A5BB-F9AEEC428AE3}.Debug|Any CPU.ActiveCfg = Debug|Any CPU
		{C04DD2D1-F963-470B-A5BB-F9AEEC428AE3}.Debug|Any CPU.Build.0 = Debug|Any CPU
		{C04DD2D1-F963-470B-A5BB-F9AEEC428AE3}.Release|Any CPU.ActiveCfg = Release|Any CPU
		{C04DD2D1-F963-470B-A5BB-F9AEEC428AE3}.Release|Any CPU.Build.0 = Release|Any CPU
		{36873EB6-199E-4C5D-A713-C2268128DBEF}.Debug|Any CPU.ActiveCfg = Debug|Any CPU
		{36873EB6-199E-4C5D-A713-C2268128DBEF}.Debug|Any CPU.Build.0 = Debug|Any CPU
		{36873EB6-199E-4C5D-A713-C2268128DBEF}.Release|Any CPU.ActiveCfg = Release|Any CPU
		{36873EB6-199E-4C5D-A713-C2268128DBEF}.Release|Any CPU.Build.0 = Release|Any CPU
		{3AA43C41-D6FA-4344-8338-9B00CA3B7253}.Debug|Any CPU.ActiveCfg = Debug|Any CPU
		{3AA43C41-D6FA-4344-8338-9B00CA3B7253}.Debug|Any CPU.Build.0 = Debug|Any CPU
		{3AA43C41-D6FA-4344-8338-9B00CA3B7253}.Release|Any CPU.ActiveCfg = Release|Any CPU
		{3AA43C41-D6FA-4344-8338-9B00CA3B7253}.Release|Any CPU.Build.0 = Release|Any CPU
		{4F7E9A5A-FCCC-43CE-A8E4-E24827438B5B}.Debug|Any CPU.ActiveCfg = Debug|Any CPU
		{4F7E9A5A-FCCC-43CE-A8E4-E24827438B5B}.Debug|Any CPU.Build.0 = Debug|Any CPU
		{4F7E9A5A-FCCC-43CE-A8E4-E24827438B5B}.Release|Any CPU.ActiveCfg = Release|Any CPU
		{4F7E9A5A-FCCC-43CE-A8E4-E24827438B5B}.Release|Any CPU.Build.0 = Release|Any CPU
		{13CCC2DE-FA1A-4B9C-BF1D-D03AD7229133}.Debug|Any CPU.ActiveCfg = Debug|Any CPU
		{13CCC2DE-FA1A-4B9C-BF1D-D03AD7229133}.Debug|Any CPU.Build.0 = Debug|Any CPU
		{13CCC2DE-FA1A-4B9C-BF1D-D03AD7229133}.Release|Any CPU.ActiveCfg = Release|Any CPU
		{13CCC2DE-FA1A-4B9C-BF1D-D03AD7229133}.Release|Any CPU.Build.0 = Release|Any CPU
		{9F076F24-627E-4535-86EA-69B2EA8A227D}.Debug|Any CPU.ActiveCfg = Debug|Any CPU
		{9F076F24-627E-4535-86EA-69B2EA8A227D}.Debug|Any CPU.Build.0 = Debug|Any CPU
		{9F076F24-627E-4535-86EA-69B2EA8A227D}.Release|Any CPU.ActiveCfg = Release|Any CPU
		{9F076F24-627E-4535-86EA-69B2EA8A227D}.Release|Any CPU.Build.0 = Release|Any CPU
		{60BEC233-A828-4D3A-809C-EF9C3698EC56}.Debug|Any CPU.ActiveCfg = Debug|Any CPU
		{60BEC233-A828-4D3A-809C-EF9C3698EC56}.Debug|Any CPU.Build.0 = Debug|Any CPU
		{60BEC233-A828-4D3A-809C-EF9C3698EC56}.Release|Any CPU.ActiveCfg = Release|Any CPU
		{60BEC233-A828-4D3A-809C-EF9C3698EC56}.Release|Any CPU.Build.0 = Release|Any CPU
		{0EE11A95-9550-406F-B17F-F0CAE7972F01}.Debug|Any CPU.ActiveCfg = Debug|Any CPU
		{0EE11A95-9550-406F-B17F-F0CAE7972F01}.Debug|Any CPU.Build.0 = Debug|Any CPU
		{0EE11A95-9550-406F-B17F-F0CAE7972F01}.Release|Any CPU.ActiveCfg = Release|Any CPU
		{0EE11A95-9550-406F-B17F-F0CAE7972F01}.Release|Any CPU.Build.0 = Release|Any CPU
		{580F957E-6A24-47A3-B676-F60278133054}.Debug|Any CPU.ActiveCfg = Debug|Any CPU
		{580F957E-6A24-47A3-B676-F60278133054}.Debug|Any CPU.Build.0 = Debug|Any CPU
		{580F957E-6A24-47A3-B676-F60278133054}.Release|Any CPU.ActiveCfg = Release|Any CPU
		{580F957E-6A24-47A3-B676-F60278133054}.Release|Any CPU.Build.0 = Release|Any CPU
		{0424068F-A824-4FDD-859C-6530A39F3C00}.Debug|Any CPU.ActiveCfg = Debug|Any CPU
		{0424068F-A824-4FDD-859C-6530A39F3C00}.Debug|Any CPU.Build.0 = Debug|Any CPU
		{0424068F-A824-4FDD-859C-6530A39F3C00}.Release|Any CPU.ActiveCfg = Release|Any CPU
		{0424068F-A824-4FDD-859C-6530A39F3C00}.Release|Any CPU.Build.0 = Release|Any CPU
		{CC62B036-BA92-44D6-B645-4CD55B8847AA}.Debug|Any CPU.ActiveCfg = Debug|Any CPU
		{CC62B036-BA92-44D6-B645-4CD55B8847AA}.Debug|Any CPU.Build.0 = Debug|Any CPU
		{CC62B036-BA92-44D6-B645-4CD55B8847AA}.Release|Any CPU.ActiveCfg = Release|Any CPU
		{CC62B036-BA92-44D6-B645-4CD55B8847AA}.Release|Any CPU.Build.0 = Release|Any CPU
	EndGlobalSection
	GlobalSection(SolutionProperties) = preSolution
		HideSolutionNode = FALSE
	EndGlobalSection
	GlobalSection(ExtensibilityGlobals) = postSolution
		SolutionGuid = {76A8C38D-358B-4B0D-97CB-8B001AED9169}
	EndGlobalSection
EndGlobal
