
Microsoft Visual Studio Solution File, Format Version 12.00
# Visual Studio 15
VisualStudioVersion = 15.0.28010.2048
MinimumVisualStudioVersion = 10.0.40219.1
Project("{FAE04EC0-301F-11D3-BF4B-00C04F79EFBC}") = "Converter", "Converter\Converter.csproj", "{B4EEE441-122E-4726-A396-154FE20670FB}"
EndProject
Global
	GlobalSection(SolutionConfigurationPlatforms) = preSolution
		Debug|Any CPU = Debug|Any CPU
		Release|Any CPU = Release|Any CPU
	EndGlobalSection
	GlobalSection(ProjectConfigurationPlatforms) = postSolution
		{B4EEE441-122E-4726-A396-154FE20670FB}.Debug|Any CPU.ActiveCfg = Debug|Any CPU
		{B4EEE441-122E-4726-A396-154FE20670FB}.Debug|Any CPU.Build.0 = Debug|Any CPU
		{B4EEE441-122E-4726-A396-154FE20670FB}.Release|Any CPU.ActiveCfg = Release|Any CPU
		{B4EEE441-122E-4726-A396-154FE20670FB}.Release|Any CPU.Build.0 = Release|Any CPU
	EndGlobalSection
	GlobalSection(SolutionProperties) = preSolution
		HideSolutionNode = FALSE
	EndGlobalSection
	GlobalSection(ExtensibilityGlobals) = postSolution
		SolutionGuid = {8DD6AFE9-50B1-4E9F-81C2-57B402A840F7}
	EndGlobalSection
EndGlobal
