
Microsoft Visual Studio Solution File, Format Version 12.00
# Visual Studio 15
VisualStudioVersion = 15.0.28010.2048
MinimumVisualStudioVersion = 10.0.40219.1
Project("{FAE04EC0-301F-11D3-BF4B-00C04F79EFBC}") = "DataBindingSortExam", "DataBindingSortExam\DataBindingSortExam.csproj", "{0549447E-82CA-4A54-B62A-43E623207728}"
EndProject
Global
	GlobalSection(SolutionConfigurationPlatforms) = preSolution
		Debug|Any CPU = Debug|Any CPU
		Release|Any CPU = Release|Any CPU
	EndGlobalSection
	GlobalSection(ProjectConfigurationPlatforms) = postSolution
		{0549447E-82CA-4A54-B62A-43E623207728}.Debug|Any CPU.ActiveCfg = Debug|Any CPU
		{0549447E-82CA-4A54-B62A-43E623207728}.Debug|Any CPU.Build.0 = Debug|Any CPU
		{0549447E-82CA-4A54-B62A-43E623207728}.Release|Any CPU.ActiveCfg = Release|Any CPU
		{0549447E-82CA-4A54-B62A-43E623207728}.Release|Any CPU.Build.0 = Release|Any CPU
	EndGlobalSection
	GlobalSection(SolutionProperties) = preSolution
		HideSolutionNode = FALSE
	EndGlobalSection
	GlobalSection(ExtensibilityGlobals) = postSolution
		SolutionGuid = {EF0A8B91-E7A4-48BA-8858-0E9CE48CFD9E}
	EndGlobalSection
EndGlobal
