
Microsoft Visual Studio Solution File, Format Version 12.00
# Visual Studio 15
VisualStudioVersion = 15.0.28010.2046
MinimumVisualStudioVersion = 10.0.40219.1
Project("{FAE04EC0-301F-11D3-BF4B-00C04F79EFBC}") = "WindowsFormsApp1", "WindowsFormsApp1\WindowsFormsApp1.csproj", "{E183D7E7-48FA-48E8-A82D-EE19744D2422}"
EndProject
Global
	GlobalSection(SolutionConfigurationPlatforms) = preSolution
		Debug|Any CPU = Debug|Any CPU
		Release|Any CPU = Release|Any CPU
	EndGlobalSection
	GlobalSection(ProjectConfigurationPlatforms) = postSolution
		{E183D7E7-48FA-48E8-A82D-EE19744D2422}.Debug|Any CPU.ActiveCfg = Debug|Any CPU
		{E183D7E7-48FA-48E8-A82D-EE19744D2422}.Debug|Any CPU.Build.0 = Debug|Any CPU
		{E183D7E7-48FA-48E8-A82D-EE19744D2422}.Release|Any CPU.ActiveCfg = Release|Any CPU
		{E183D7E7-48FA-48E8-A82D-EE19744D2422}.Release|Any CPU.Build.0 = Release|Any CPU
	EndGlobalSection
	GlobalSection(SolutionProperties) = preSolution
		HideSolutionNode = FALSE
	EndGlobalSection
	GlobalSection(ExtensibilityGlobals) = postSolution
		SolutionGuid = {DE848AA4-D848-44B9-89A7-6A62E4A3EDAD}
	EndGlobalSection
EndGlobal
