
Microsoft Visual Studio Solution File, Format Version 12.00
# Visual Studio 15
VisualStudioVersion = 15.0.28010.2048
MinimumVisualStudioVersion = 10.0.40219.1
Project("{FAE04EC0-301F-11D3-BF4B-00C04F79EFBC}") = "EventRoutingTest", "EventRoutingTest\EventRoutingTest.csproj", "{AD94A0DF-2F99-4A6D-B511-16E3C40E8424}"
EndProject
Project("{FAE04EC0-301F-11D3-BF4B-00C04F79EFBC}") = "TunnelingTest", "TunnelingTest\TunnelingTest.csproj", "{CBB16BC3-0C25-4A61-9380-743E82A0670E}"
EndProject
Global
	GlobalSection(SolutionConfigurationPlatforms) = preSolution
		Debug|Any CPU = Debug|Any CPU
		Release|Any CPU = Release|Any CPU
	EndGlobalSection
	GlobalSection(ProjectConfigurationPlatforms) = postSolution
		{AD94A0DF-2F99-4A6D-B511-16E3C40E8424}.Debug|Any CPU.ActiveCfg = Debug|Any CPU
		{AD94A0DF-2F99-4A6D-B511-16E3C40E8424}.Debug|Any CPU.Build.0 = Debug|Any CPU
		{AD94A0DF-2F99-4A6D-B511-16E3C40E8424}.Release|Any CPU.ActiveCfg = Release|Any CPU
		{AD94A0DF-2F99-4A6D-B511-16E3C40E8424}.Release|Any CPU.Build.0 = Release|Any CPU
		{CBB16BC3-0C25-4A61-9380-743E82A0670E}.Debug|Any CPU.ActiveCfg = Debug|Any CPU
		{CBB16BC3-0C25-4A61-9380-743E82A0670E}.Debug|Any CPU.Build.0 = Debug|Any CPU
		{CBB16BC3-0C25-4A61-9380-743E82A0670E}.Release|Any CPU.ActiveCfg = Release|Any CPU
		{CBB16BC3-0C25-4A61-9380-743E82A0670E}.Release|Any CPU.Build.0 = Release|Any CPU
	EndGlobalSection
	GlobalSection(SolutionProperties) = preSolution
		HideSolutionNode = FALSE
	EndGlobalSection
	GlobalSection(ExtensibilityGlobals) = postSolution
		SolutionGuid = {2ADFEAD8-B411-4F21-AE4B-CA4554C8F69D}
	EndGlobalSection
EndGlobal
