
Microsoft Visual Studio Solution File, Format Version 12.00
# Visual Studio 15
VisualStudioVersion = 15.0.28010.2048
MinimumVisualStudioVersion = 10.0.40219.1
Project("{FAE04EC0-301F-11D3-BF4B-00C04F79EFBC}") = "DockPanelTest", "DockPanelTest\DockPanelTest.csproj", "{B9E38F63-D261-4415-8F3C-918E7633FB93}"
EndProject
Project("{FAE04EC0-301F-11D3-BF4B-00C04F79EFBC}") = "GridTest", "GridTest\GridTest.csproj", "{15583307-1FA5-423B-81EA-2267595A9D71}"
EndProject
Project("{FAE04EC0-301F-11D3-BF4B-00C04F79EFBC}") = "RoutedEventDemo", "RoutedEventDemo\RoutedEventDemo.csproj", "{8E22D663-3C71-40C1-8E41-D856309047B6}"
EndProject
Global
	GlobalSection(SolutionConfigurationPlatforms) = preSolution
		Debug|Any CPU = Debug|Any CPU
		Release|Any CPU = Release|Any CPU
	EndGlobalSection
	GlobalSection(ProjectConfigurationPlatforms) = postSolution
		{B9E38F63-D261-4415-8F3C-918E7633FB93}.Debug|Any CPU.ActiveCfg = Debug|Any CPU
		{B9E38F63-D261-4415-8F3C-918E7633FB93}.Debug|Any CPU.Build.0 = Debug|Any CPU
		{B9E38F63-D261-4415-8F3C-918E7633FB93}.Release|Any CPU.ActiveCfg = Release|Any CPU
		{B9E38F63-D261-4415-8F3C-918E7633FB93}.Release|Any CPU.Build.0 = Release|Any CPU
		{15583307-1FA5-423B-81EA-2267595A9D71}.Debug|Any CPU.ActiveCfg = Debug|Any CPU
		{15583307-1FA5-423B-81EA-2267595A9D71}.Debug|Any CPU.Build.0 = Debug|Any CPU
		{15583307-1FA5-423B-81EA-2267595A9D71}.Release|Any CPU.ActiveCfg = Release|Any CPU
		{15583307-1FA5-423B-81EA-2267595A9D71}.Release|Any CPU.Build.0 = Release|Any CPU
		{8E22D663-3C71-40C1-8E41-D856309047B6}.Debug|Any CPU.ActiveCfg = Debug|Any CPU
		{8E22D663-3C71-40C1-8E41-D856309047B6}.Debug|Any CPU.Build.0 = Debug|Any CPU
		{8E22D663-3C71-40C1-8E41-D856309047B6}.Release|Any CPU.ActiveCfg = Release|Any CPU
		{8E22D663-3C71-40C1-8E41-D856309047B6}.Release|Any CPU.Build.0 = Release|Any CPU
	EndGlobalSection
	GlobalSection(SolutionProperties) = preSolution
		HideSolutionNode = FALSE
	EndGlobalSection
	GlobalSection(ExtensibilityGlobals) = postSolution
		SolutionGuid = {F6E9663C-5DC4-4359-BE43-91645B98DF64}
	EndGlobalSection
EndGlobal
